
Microsoft Visual Studio Solution File, Format Version 12.00
# Visual Studio 15
VisualStudioVersion = 15.0.28307.1300
MinimumVisualStudioVersion = 10.0.40219.1
Project("{FAE04EC0-301F-11D3-BF4B-00C04F79EFBC}") = "Gis_System", "Gis_System\Gis_System.csproj", "{561FCD0C-963E-48B2-A93E-90F60C061511}"
EndProject
Project("{FAE04EC0-301F-11D3-BF4B-00C04F79EFBC}") = "GISEditor.EditTool", "GISEditor.EditTool\GISEditor.EditTool.csproj", "{A72EBFE4-E3D8-4ED9-A4BE-2B4CDF40CDEB}"
EndProject
Global
	GlobalSection(SolutionConfigurationPlatforms) = preSolution
		Debug|Any CPU = Debug|Any CPU
		Debug|x86 = Debug|x86
		Release|Any CPU = Release|Any CPU
		Release|x86 = Release|x86
	EndGlobalSection
	GlobalSection(ProjectConfigurationPlatforms) = postSolution
		{561FCD0C-963E-48B2-A93E-90F60C061511}.Debug|Any CPU.ActiveCfg = Debug|Any CPU
		{561FCD0C-963E-48B2-A93E-90F60C061511}.Debug|Any CPU.Build.0 = Debug|Any CPU
		{561FCD0C-963E-48B2-A93E-90F60C061511}.Debug|x86.ActiveCfg = Debug|Any CPU
		{561FCD0C-963E-48B2-A93E-90F60C061511}.Debug|x86.Build.0 = Debug|Any CPU
		{561FCD0C-963E-48B2-A93E-90F60C061511}.Release|Any CPU.ActiveCfg = Release|Any CPU
		{561FCD0C-963E-48B2-A93E-90F60C061511}.Release|Any CPU.Build.0 = Release|Any CPU
		{561FCD0C-963E-48B2-A93E-90F60C061511}.Release|x86.ActiveCfg = Release|Any CPU
		{561FCD0C-963E-48B2-A93E-90F60C061511}.Release|x86.Build.0 = Release|Any CPU
		{A72EBFE4-E3D8-4ED9-A4BE-2B4CDF40CDEB}.Debug|Any CPU.ActiveCfg = Debug|Any CPU
		{A72EBFE4-E3D8-4ED9-A4BE-2B4CDF40CDEB}.Debug|Any CPU.Build.0 = Debug|Any CPU
		{A72EBFE4-E3D8-4ED9-A4BE-2B4CDF40CDEB}.Debug|x86.ActiveCfg = Debug|Any CPU
		{A72EBFE4-E3D8-4ED9-A4BE-2B4CDF40CDEB}.Release|Any CPU.ActiveCfg = Release|Any CPU
		{A72EBFE4-E3D8-4ED9-A4BE-2B4CDF40CDEB}.Release|Any CPU.Build.0 = Release|Any CPU
		{A72EBFE4-E3D8-4ED9-A4BE-2B4CDF40CDEB}.Release|x86.ActiveCfg = Release|Any CPU
	EndGlobalSection
	GlobalSection(SolutionProperties) = preSolution
		HideSolutionNode = FALSE
	EndGlobalSection
	GlobalSection(ExtensibilityGlobals) = postSolution
		SolutionGuid = {B1DDC202-B988-46B4-81FC-5ECA7F34595B}
	EndGlobalSection
EndGlobal
